
Microsoft Visual Studio Solution File, Format Version 12.00
# Visual Studio Version 17
VisualStudioVersion = 17.2.32630.192
MinimumVisualStudioVersion = 10.0.40219.1
Project("{FAE04EC0-301F-11D3-BF4B-00C04F79EFBC}") = "HelloWorld10", "HelloWorld10\HelloWorld10.csproj", "{CD794401-E2F1-4F69-BFF6-320FD2B9DB7B}"
EndProject
Global
	GlobalSection(SolutionConfigurationPlatforms) = preSolution
		Debug|Any CPU = Debug|Any CPU
		Release|Any CPU = Release|Any CPU
	EndGlobalSection
	GlobalSection(ProjectConfigurationPlatforms) = postSolution
		{CD794401-E2F1-4F69-BFF6-320FD2B9DB7B}.Debug|Any CPU.ActiveCfg = Debug|Any CPU
		{CD794401-E2F1-4F69-BFF6-320FD2B9DB7B}.Debug|Any CPU.Build.0 = Debug|Any CPU
		{CD794401-E2F1-4F69-BFF6-320FD2B9DB7B}.Release|Any CPU.ActiveCfg = Release|Any CPU
		{CD794401-E2F1-4F69-BFF6-320FD2B9DB7B}.Release|Any CPU.Build.0 = Release|Any CPU
	EndGlobalSection
	GlobalSection(SolutionProperties) = preSolution
		HideSolutionNode = FALSE
	EndGlobalSection
	GlobalSection(ExtensibilityGlobals) = postSolution
		SolutionGuid = {98EA274B-55F3-4CB7-82A0-E3673A8A00A7}
	EndGlobalSection
EndGlobal
